# Build-only dependency for scripts/build_site_docs.py.
# Hashes cover the PyPI wheel and source distribution for Markdown 3.10.3.
Markdown==3.10.3 \
    --hash=sha256:fa6c92a00a4a3c98b22728c64a935ae1928250ae65058a6ded814d2cc29a4cea \
    --hash=sha256:3589362618f743188b4d955b874402bc814f4f83f544dc207719f4baa7d9c45f
